
Microsoft Visual Studio Solution File, Format Version 12.00
# Visual Studio Version 17
VisualStudioVersion = 17.7.34221.43
MinimumVisualStudioVersion = 10.0.40219.1
Project("{FAE04EC0-301F-11D3-BF4B-00C04F79EFBC}") = "CourseApi", "CourseApi\CourseApi.csproj", "{0F5F2C19-CC24-4B44-A809-EB008C59EEF2}"
EndProject
Project("{FAE04EC0-301F-11D3-BF4B-00C04F79EFBC}") = "Domain", "Domain\Domain.csproj", "{4CC60826-62A6-4EA7-817F-62812492EBCC}"
EndProject
Project("{FAE04EC0-301F-11D3-BF4B-00C04F79EFBC}") = "Repository", "Repository\Repository.csproj", "{A021B253-54A0-404E-AAD6-773135582899}"
EndProject
Project("{FAE04EC0-301F-11D3-BF4B-00C04F79EFBC}") = "Service", "Service\Service.csproj", "{DCDE5068-F2D6-441D-939F-9B978FD56A8C}"
EndProject
Global
	GlobalSection(SolutionConfigurationPlatforms) = preSolution
		Debug|Any CPU = Debug|Any CPU
		Release|Any CPU = Release|Any CPU
	EndGlobalSection
	GlobalSection(ProjectConfigurationPlatforms) = postSolution
		{0F5F2C19-CC24-4B44-A809-EB008C59EEF2}.Debug|Any CPU.ActiveCfg = Debug|Any CPU
		{0F5F2C19-CC24-4B44-A809-EB008C59EEF2}.Debug|Any CPU.Build.0 = Debug|Any CPU
		{0F5F2C19-CC24-4B44-A809-EB008C59EEF2}.Release|Any CPU.ActiveCfg = Release|Any CPU
		{0F5F2C19-CC24-4B44-A809-EB008C59EEF2}.Release|Any CPU.Build.0 = Release|Any CPU
		{4CC60826-62A6-4EA7-817F-62812492EBCC}.Debug|Any CPU.ActiveCfg = Debug|Any CPU
		{4CC60826-62A6-4EA7-817F-62812492EBCC}.Debug|Any CPU.Build.0 = Debug|Any CPU
		{4CC60826-62A6-4EA7-817F-62812492EBCC}.Release|Any CPU.ActiveCfg = Release|Any CPU
		{4CC60826-62A6-4EA7-817F-62812492EBCC}.Release|Any CPU.Build.0 = Release|Any CPU
		{A021B253-54A0-404E-AAD6-773135582899}.Debug|Any CPU.ActiveCfg = Debug|Any CPU
		{A021B253-54A0-404E-AAD6-773135582899}.Debug|Any CPU.Build.0 = Debug|Any CPU
		{A021B253-54A0-404E-AAD6-773135582899}.Release|Any CPU.ActiveCfg = Release|Any CPU
		{A021B253-54A0-404E-AAD6-773135582899}.Release|Any CPU.Build.0 = Release|Any CPU
		{DCDE5068-F2D6-441D-939F-9B978FD56A8C}.Debug|Any CPU.ActiveCfg = Debug|Any CPU
		{DCDE5068-F2D6-441D-939F-9B978FD56A8C}.Debug|Any CPU.Build.0 = Debug|Any CPU
		{DCDE5068-F2D6-441D-939F-9B978FD56A8C}.Release|Any CPU.ActiveCfg = Release|Any CPU
		{DCDE5068-F2D6-441D-939F-9B978FD56A8C}.Release|Any CPU.Build.0 = Release|Any CPU
	EndGlobalSection
	GlobalSection(SolutionProperties) = preSolution
		HideSolutionNode = FALSE
	EndGlobalSection
	GlobalSection(ExtensibilityGlobals) = postSolution
		SolutionGuid = {F1A99EEB-DFEE-4AA5-922E-F4DB898BEDCD}
	EndGlobalSection
EndGlobal
